
Microsoft Visual Studio Solution File, Format Version 12.00
# Visual Studio Version 17
VisualStudioVersion = 17.5.33530.505
MinimumVisualStudioVersion = 10.0.40219.1
Project("{FAE04EC0-301F-11D3-BF4B-00C04F79EFBC}") = "EvaluacionGitHub", "EvaluacionGitHub.csproj", "{6127E540-755D-4811-8E5E-FAAE4544499D}"
EndProject
Global
	GlobalSection(SolutionConfigurationPlatforms) = preSolution
		Debug|Any CPU = Debug|Any CPU
		Release|Any CPU = Release|Any CPU
	EndGlobalSection
	GlobalSection(ProjectConfigurationPlatforms) = postSolution
		{6127E540-755D-4811-8E5E-FAAE4544499D}.Debug|Any CPU.ActiveCfg = Debug|Any CPU
		{6127E540-755D-4811-8E5E-FAAE4544499D}.Debug|Any CPU.Build.0 = Debug|Any CPU
		{6127E540-755D-4811-8E5E-FAAE4544499D}.Release|Any CPU.ActiveCfg = Release|Any CPU
		{6127E540-755D-4811-8E5E-FAAE4544499D}.Release|Any CPU.Build.0 = Release|Any CPU
	EndGlobalSection
	GlobalSection(SolutionProperties) = preSolution
		HideSolutionNode = FALSE
	EndGlobalSection
	GlobalSection(ExtensibilityGlobals) = postSolution
		SolutionGuid = {6297D24F-6270-459D-BB27-473CEDF32304}
	EndGlobalSection
EndGlobal
